
Microsoft Visual Studio Solution File, Format Version 12.00
# Visual Studio Version 17
VisualStudioVersion = 17.5.33502.453
MinimumVisualStudioVersion = 10.0.40219.1
Project("{8BC9CEB8-8B4A-11D0-8D11-00A0C91BC942}") = "ParadigmaOOP2", "ParadigmaOOP2\ParadigmaOOP2.vcxproj", "{780E6D84-37A1-4E49-BDAB-1D0792A04F25}"
EndProject
Project("{8BC9CEB8-8B4A-11D0-8D11-00A0C91BC942}") = "solveMultiwaris", "solveMultiwaris\solveMultiwaris.vcxproj", "{82F3F7A5-85DC-4B7A-909A-082C57836DFB}"
EndProject
Project("{8BC9CEB8-8B4A-11D0-8D11-00A0C91BC942}") = "Polymorphism", "Polymorphism\Polymorphism.vcxproj", "{D64772CD-3B5A-41F3-88E8-706CF3A733B0}"
EndProject
Global
	GlobalSection(SolutionConfigurationPlatforms) = preSolution
		Debug|x64 = Debug|x64
		Debug|x86 = Debug|x86
		Release|x64 = Release|x64
		Release|x86 = Release|x86
	EndGlobalSection
	GlobalSection(ProjectConfigurationPlatforms) = postSolution
		{780E6D84-37A1-4E49-BDAB-1D0792A04F25}.Debug|x64.ActiveCfg = Debug|x64
		{780E6D84-37A1-4E49-BDAB-1D0792A04F25}.Debug|x64.Build.0 = Debug|x64
		{780E6D84-37A1-4E49-BDAB-1D0792A04F25}.Debug|x86.ActiveCfg = Debug|Win32
		{780E6D84-37A1-4E49-BDAB-1D0792A04F25}.Debug|x86.Build.0 = Debug|Win32
		{780E6D84-37A1-4E49-BDAB-1D0792A04F25}.Release|x64.ActiveCfg = Release|x64
		{780E6D84-37A1-4E49-BDAB-1D0792A04F25}.Release|x64.Build.0 = Release|x64
		{780E6D84-37A1-4E49-BDAB-1D0792A04F25}.Release|x86.ActiveCfg = Release|Win32
		{780E6D84-37A1-4E49-BDAB-1D0792A04F25}.Release|x86.Build.0 = Release|Win32
		{82F3F7A5-85DC-4B7A-909A-082C57836DFB}.Debug|x64.ActiveCfg = Debug|x64
		{82F3F7A5-85DC-4B7A-909A-082C57836DFB}.Debug|x64.Build.0 = Debug|x64
		{82F3F7A5-85DC-4B7A-909A-082C57836DFB}.Debug|x86.ActiveCfg = Debug|Win32
		{82F3F7A5-85DC-4B7A-909A-082C57836DFB}.Debug|x86.Build.0 = Debug|Win32
		{82F3F7A5-85DC-4B7A-909A-082C57836DFB}.Release|x64.ActiveCfg = Release|x64
		{82F3F7A5-85DC-4B7A-909A-082C57836DFB}.Release|x64.Build.0 = Release|x64
		{82F3F7A5-85DC-4B7A-909A-082C57836DFB}.Release|x86.ActiveCfg = Release|Win32
		{82F3F7A5-85DC-4B7A-909A-082C57836DFB}.Release|x86.Build.0 = Release|Win32
		{D64772CD-3B5A-41F3-88E8-706CF3A733B0}.Debug|x64.ActiveCfg = Debug|x64
		{D64772CD-3B5A-41F3-88E8-706CF3A733B0}.Debug|x64.Build.0 = Debug|x64
		{D64772CD-3B5A-41F3-88E8-706CF3A733B0}.Debug|x86.ActiveCfg = Debug|Win32
		{D64772CD-3B5A-41F3-88E8-706CF3A733B0}.Debug|x86.Build.0 = Debug|Win32
		{D64772CD-3B5A-41F3-88E8-706CF3A733B0}.Release|x64.ActiveCfg = Release|x64
		{D64772CD-3B5A-41F3-88E8-706CF3A733B0}.Release|x64.Build.0 = Release|x64
		{D64772CD-3B5A-41F3-88E8-706CF3A733B0}.Release|x86.ActiveCfg = Release|Win32
		{D64772CD-3B5A-41F3-88E8-706CF3A733B0}.Release|x86.Build.0 = Release|Win32
	EndGlobalSection
	GlobalSection(SolutionProperties) = preSolution
		HideSolutionNode = FALSE
	EndGlobalSection
	GlobalSection(ExtensibilityGlobals) = postSolution
		SolutionGuid = {24F218AA-0467-4DF3-BC84-80D03DB6E862}
	EndGlobalSection
EndGlobal
